{
  "name": "vercel-moon-failure-reproduction",
  "version": "1.0.0",
  "lockfileVersion": 3,
  "requires": true,
  "packages": {
    "": {
      "name": "vercel-moon-failure-reproduction",
      "version": "1.0.0",
      "license": "ISC",
      "dependencies": {
        "@moonrepo/cli": "^1.2.2"
      }
    },
    "node_modules/@moonrepo/cli": {
      "version": "1.2.2",
      "resolved": "https://registry.npmjs.org/@moonrepo/cli/-/cli-1.2.2.tgz",
      "integrity": "sha512-yyl7gIkpP97RN2gGdwEPo3PCSuoo01EWC9JRbtx317biAZURd9ySAH1V1xmsL0/+FOeVpBrngc10g5WhLGJe7g==",
      "hasInstallScript": true,
      "dependencies": {
        "detect-libc": "^2.0.1"
      },
      "bin": {
        "moon": "moon"
      },
      "optionalDependencies": {
        "@moonrepo/core-linux-arm64-gnu": "^1.2.2",
        "@moonrepo/core-linux-arm64-musl": "^1.2.2",
        "@moonrepo/core-linux-x64-gnu": "^1.2.2",
        "@moonrepo/core-linux-x64-musl": "^1.2.2",
        "@moonrepo/core-macos-arm64": "^1.2.2",
        "@moonrepo/core-macos-x64": "^1.2.2",
        "@moonrepo/core-windows-x64-msvc": "^1.2.2"
      }
    },
    "node_modules/@moonrepo/core-linux-arm64-gnu": {
      "version": "1.6.1",
      "resolved": "https://registry.npmjs.org/@moonrepo/core-linux-arm64-gnu/-/core-linux-arm64-gnu-1.6.1.tgz",
      "integrity": "sha512-M1QFEbGEn171cbMPxwMleAHbnMjQesiQVyloqV9n1xsmBWwXbiVvtab1+m5M+xTeQfp94EitiaNJU7meRUjN9g==",
      "cpu": [
        "arm64"
      ],
      "optional": true,
      "os": [
        "linux"
      ]
    },
    "node_modules/@moonrepo/core-linux-arm64-musl": {
      "version": "1.6.1",
      "resolved": "https://registry.npmjs.org/@moonrepo/core-linux-arm64-musl/-/core-linux-arm64-musl-1.6.1.tgz",
      "integrity": "sha512-vgopAYbY8VCoSS2Q4m7L51tWfHxEeWJyVKTp2HtFcWFuqlc2fO6ciONEqR4IMLiH6SbbNaI/5geLCTEG4Fv5Uw==",
      "cpu": [
        "arm64"
      ],
      "optional": true,
      "os": [
        "linux"
      ]
    },
    "node_modules/@moonrepo/core-linux-x64-gnu": {
      "version": "1.6.1",
      "resolved": "https://registry.npmjs.org/@moonrepo/core-linux-x64-gnu/-/core-linux-x64-gnu-1.6.1.tgz",
      "integrity": "sha512-3UpBy/VJ+eGLyfuda5kUpF9/ssUtyRlhTjnED330lIC4eb4wweTCrtJrSdGCjT62nwGYK5Q4u5FOaD7JZ+18ow==",
      "cpu": [
        "x64"
      ],
      "optional": true,
      "os": [
        "linux"
      ]
    },
    "node_modules/@moonrepo/core-linux-x64-musl": {
      "version": "1.6.1",
      "resolved": "https://registry.npmjs.org/@moonrepo/core-linux-x64-musl/-/core-linux-x64-musl-1.6.1.tgz",
      "integrity": "sha512-svl/J00Ub0fUuaTVWpr3UbFfO0HB3xB27+/xomLIUwy7dNk7vghSXb6yhnkACs68H2kEMYjPPGJ+dxR0w54TAQ==",
      "cpu": [
        "x64"
      ],
      "optional": true,
      "os": [
        "linux"
      ]
    },
    "node_modules/@moonrepo/core-macos-arm64": {
      "version": "1.6.1",
      "resolved": "https://registry.npmjs.org/@moonrepo/core-macos-arm64/-/core-macos-arm64-1.6.1.tgz",
      "integrity": "sha512-yNukCuZsfxD8RU1CQyP+qt2ykhRug0xhlGDZc5Q9Es3Lcl/2PegOrcEM0Xznsumq6ngM3QcaAx+CR3FoYbfJ7Q==",
      "cpu": [
        "arm64"
      ],
      "optional": true,
      "os": [
        "darwin"
      ]
    },
    "node_modules/@moonrepo/core-macos-x64": {
      "version": "1.6.1",
      "resolved": "https://registry.npmjs.org/@moonrepo/core-macos-x64/-/core-macos-x64-1.6.1.tgz",
      "integrity": "sha512-QlU5+faHwjSI2vXZB1J3K3EA+r7jutG9QtvN1JjX9JR/AEaeUjc93k7ZMAGjVR21MPYs1aTE5ZRCs4tiYa972g==",
      "cpu": [
        "x64"
      ],
      "optional": true,
      "os": [
        "darwin"
      ]
    },
    "node_modules/@moonrepo/core-windows-x64-msvc": {
      "version": "1.6.1",
      "resolved": "https://registry.npmjs.org/@moonrepo/core-windows-x64-msvc/-/core-windows-x64-msvc-1.6.1.tgz",
      "integrity": "sha512-KWmEoPy+cKZBbKmnsVw/I9JuA7UKizQsAsCzMEOPAa4Shii3b/5ud6WKpBhJlHyJt5i0EpS3PEK1pn3pCO+tiA==",
      "cpu": [
        "x64"
      ],
      "optional": true,
      "os": [
        "win32"
      ]
    },
    "node_modules/detect-libc": {
      "version": "2.0.1",
      "resolved": "https://registry.npmjs.org/detect-libc/-/detect-libc-2.0.1.tgz",
      "integrity": "sha512-463v3ZeIrcWtdgIg6vI6XUncguvr2TnGl4SzDXinkt9mSLpBJKXT3mW6xT3VQdDN11+WVs29pgvivTc4Lp8v+w==",
      "engines": {
        "node": ">=8"
      }
    }
  }
}
